
Microsoft Visual Studio Solution File, Format Version 12.00
# Visual Studio Version 16
VisualStudioVersion = 16.0.31112.23
MinimumVisualStudioVersion = 10.0.40219.1
Project("{FAE04EC0-301F-11D3-BF4B-00C04F79EFBC}") = "Ruslan", "Ruslan\Ruslan.csproj", "{1382B93A-41D5-4DD3-8E29-52EAD4EBCFD1}"
EndProject
Global
	GlobalSection(SolutionConfigurationPlatforms) = preSolution
		Debug|Any CPU = Debug|Any CPU
		Release|Any CPU = Release|Any CPU
	EndGlobalSection
	GlobalSection(ProjectConfigurationPlatforms) = postSolution
		{1382B93A-41D5-4DD3-8E29-52EAD4EBCFD1}.Debug|Any CPU.ActiveCfg = Debug|Any CPU
		{1382B93A-41D5-4DD3-8E29-52EAD4EBCFD1}.Debug|Any CPU.Build.0 = Debug|Any CPU
		{1382B93A-41D5-4DD3-8E29-52EAD4EBCFD1}.Release|Any CPU.ActiveCfg = Release|Any CPU
		{1382B93A-41D5-4DD3-8E29-52EAD4EBCFD1}.Release|Any CPU.Build.0 = Release|Any CPU
	EndGlobalSection
	GlobalSection(SolutionProperties) = preSolution
		HideSolutionNode = FALSE
	EndGlobalSection
	GlobalSection(ExtensibilityGlobals) = postSolution
		SolutionGuid = {F1FDD66F-71CE-432B-BD5A-B95A19E16991}
	EndGlobalSection
EndGlobal
